
Microsoft Visual Studio Solution File, Format Version 12.00
# Visual Studio Version 17
VisualStudioVersion = 17.0.31912.275
MinimumVisualStudioVersion = 10.0.40219.1
Project("{FAE04EC0-301F-11D3-BF4B-00C04F79EFBC}") = "KütüphaneYönetimi", "KütüphaneYönetimi.csproj", "{79E6C2C3-8922-4D3B-B47E-B94B74365C2F}"
EndProject
Global
	GlobalSection(SolutionConfigurationPlatforms) = preSolution
		Debug|Any CPU = Debug|Any CPU
		Release|Any CPU = Release|Any CPU
	EndGlobalSection
	GlobalSection(ProjectConfigurationPlatforms) = postSolution
		{79E6C2C3-8922-4D3B-B47E-B94B74365C2F}.Debug|Any CPU.ActiveCfg = Debug|Any CPU
		{79E6C2C3-8922-4D3B-B47E-B94B74365C2F}.Debug|Any CPU.Build.0 = Debug|Any CPU
		{79E6C2C3-8922-4D3B-B47E-B94B74365C2F}.Release|Any CPU.ActiveCfg = Release|Any CPU
		{79E6C2C3-8922-4D3B-B47E-B94B74365C2F}.Release|Any CPU.Build.0 = Release|Any CPU
	EndGlobalSection
	GlobalSection(SolutionProperties) = preSolution
		HideSolutionNode = FALSE
	EndGlobalSection
	GlobalSection(ExtensibilityGlobals) = postSolution
		SolutionGuid = {9A793B7F-A392-4F6A-A8D0-B2271FC4704D}
	EndGlobalSection
EndGlobal
